
Microsoft Visual Studio Solution File, Format Version 12.00
# Visual Studio 14
VisualStudioVersion = 14.0.25123.0
MinimumVisualStudioVersion = 10.0.40219.1
Project("{FAE04EC0-301F-11D3-BF4B-00C04F79EFBC}") = "SG16", "SG16\SG16.csproj", "{79DD327A-FBBD-4C3B-8DA8-026ADC8D0C4F}"
EndProject
Project("{FAE04EC0-301F-11D3-BF4B-00C04F79EFBC}") = "Assembler", "Assembler\Assembler.csproj", "{7F4ACEF1-7F28-4854-998B-08AB73DEC18A}"
EndProject
Project("{FAE04EC0-301F-11D3-BF4B-00C04F79EFBC}") = "Emulator", "Emulator\Emulator.csproj", "{51CC3E7B-9A83-4360-85CF-D068F012F8AE}"
EndProject
Project("{FAE04EC0-301F-11D3-BF4B-00C04F79EFBC}") = "EmulatorUI", "EmulatorUI\EmulatorUI.csproj", "{EA156A83-D942-410B-8E76-97642AF426C4}"
EndProject
Project("{FAE04EC0-301F-11D3-BF4B-00C04F79EFBC}") = "Disassembler", "Disassembler\Disassembler.csproj", "{485B33C7-5995-4006-B0AB-13292DF0DDA5}"
EndProject
Global
	GlobalSection(SolutionConfigurationPlatforms) = preSolution
		Debug|Any CPU = Debug|Any CPU
		Release|Any CPU = Release|Any CPU
	EndGlobalSection
	GlobalSection(ProjectConfigurationPlatforms) = postSolution
		{79DD327A-FBBD-4C3B-8DA8-026ADC8D0C4F}.Debug|Any CPU.ActiveCfg = Debug|Any CPU
		{79DD327A-FBBD-4C3B-8DA8-026ADC8D0C4F}.Debug|Any CPU.Build.0 = Debug|Any CPU
		{79DD327A-FBBD-4C3B-8DA8-026ADC8D0C4F}.Release|Any CPU.ActiveCfg = Release|Any CPU
		{79DD327A-FBBD-4C3B-8DA8-026ADC8D0C4F}.Release|Any CPU.Build.0 = Release|Any CPU
		{7F4ACEF1-7F28-4854-998B-08AB73DEC18A}.Debug|Any CPU.ActiveCfg = Debug|Any CPU
		{7F4ACEF1-7F28-4854-998B-08AB73DEC18A}.Debug|Any CPU.Build.0 = Debug|Any CPU
		{7F4ACEF1-7F28-4854-998B-08AB73DEC18A}.Release|Any CPU.ActiveCfg = Release|Any CPU
		{7F4ACEF1-7F28-4854-998B-08AB73DEC18A}.Release|Any CPU.Build.0 = Release|Any CPU
		{51CC3E7B-9A83-4360-85CF-D068F012F8AE}.Debug|Any CPU.ActiveCfg = Debug|Any CPU
		{51CC3E7B-9A83-4360-85CF-D068F012F8AE}.Debug|Any CPU.Build.0 = Debug|Any CPU
		{51CC3E7B-9A83-4360-85CF-D068F012F8AE}.Release|Any CPU.ActiveCfg = Release|Any CPU
		{51CC3E7B-9A83-4360-85CF-D068F012F8AE}.Release|Any CPU.Build.0 = Release|Any CPU
		{EA156A83-D942-410B-8E76-97642AF426C4}.Debug|Any CPU.ActiveCfg = Debug|Any CPU
		{EA156A83-D942-410B-8E76-97642AF426C4}.Debug|Any CPU.Build.0 = Debug|Any CPU
		{EA156A83-D942-410B-8E76-97642AF426C4}.Release|Any CPU.ActiveCfg = Release|Any CPU
		{EA156A83-D942-410B-8E76-97642AF426C4}.Release|Any CPU.Build.0 = Release|Any CPU
		{485B33C7-5995-4006-B0AB-13292DF0DDA5}.Debug|Any CPU.ActiveCfg = Debug|Any CPU
		{485B33C7-5995-4006-B0AB-13292DF0DDA5}.Debug|Any CPU.Build.0 = Debug|Any CPU
		{485B33C7-5995-4006-B0AB-13292DF0DDA5}.Release|Any CPU.ActiveCfg = Release|Any CPU
		{485B33C7-5995-4006-B0AB-13292DF0DDA5}.Release|Any CPU.Build.0 = Release|Any CPU
	EndGlobalSection
	GlobalSection(SolutionProperties) = preSolution
		HideSolutionNode = FALSE
	EndGlobalSection
EndGlobal
